// !$*UTF8*$!
{
	archiveVersion = 1;
	classes = {
	};
	objectVersion = 48;
	objects = {

/* Begin PBXBuildFile section */
		6287414E1FFE118E00D61333 /* AppDelegate.swift in Sources */ = {isa = PBXBuildFile; fileRef = 6287414D1FFE118E00D61333 /* AppDelegate.swift */; };
		628741501FFE118E00D61333 /* TasksViewController.swift in Sources */ = {isa = PBXBuildFile; fileRef = 6287414F1FFE118E00D61333 /* TasksViewController.swift */; };
		628741531FFE118E00D61333 /* Main.storyboard in Resources */ = {isa = PBXBuildFile; fileRef = 628741511FFE118E00D61333 /* Main.storyboard */; };
		628741561FFE118E00D61333 /* DoIt.xcdatamodeld in Sources */ = {isa = PBXBuildFile; fileRef = 628741541FFE118E00D61333 /* DoIt.xcdatamodeld */; };
		628741581FFE118E00D61333 /* Assets.xcassets in Resources */ = {isa = PBXBuildFile; fileRef = 628741571FFE118E00D61333 /* Assets.xcassets */; };
		6287415B1FFE118E00D61333 /* LaunchScreen.storyboard in Resources */ = {isa = PBXBuildFile; fileRef = 628741591FFE118E00D61333 /* LaunchScreen.storyboard */; };
		628741631FFE157A00D61333 /* Task.swift in Sources */ = {isa = PBXBuildFile; fileRef = 628741621FFE157A00D61333 /* Task.swift */; };
		628741651FFE213A00D61333 /* CreateTaskViewController.swift in Sources */ = {isa = PBXBuildFile; fileRef = 628741641FFE213A00D61333 /* CreateTaskViewController.swift */; };
		628741671FFE375C00D61333 /* CompleteTaskViewController.swift in Sources */ = {isa = PBXBuildFile; fileRef = 628741661FFE375C00D61333 /* CompleteTaskViewController.swift */; };
/* End PBXBuildFile section */

/* Begin PBXFileReference section */
		6287414A1FFE118E00D61333 /* DoIt.app */ = {isa = PBXFileReference; explicitFileType = wrapper.application; includeInIndex = 0; path = DoIt.app; sourceTree = BUILT_PRODUCTS_DIR; };
		6287414D1FFE118E00D61333 /* AppDelegate.swift */ = {isa = PBXFileReference; lastKnownFileType = sourcecode.swift; path = AppDelegate.swift; sourceTree = "<group>"; };
		6287414F1FFE118E00D61333 /* TasksViewController.swift */ = {isa = PBXFileReference; lastKnownFileType = sourcecode.swift; path = TasksViewController.swift; sourceTree = "<group>"; };
		628741521FFE118E00D61333 /* Base */ = {isa = PBXFileReference; lastKnownFileType = file.storyboard; name = Base; path = Base.lproj/Main.storyboard; sourceTree = "<group>"; };
		628741551FFE118E00D61333 /* DoIt.xcdatamodel */ = {isa = PBXFileReference; lastKnownFileType = wrapper.xcdatamodel; path = DoIt.xcdatamodel; sourceTree = "<group>"; };
		628741571FFE118E00D61333 /* Assets.xcassets */ = {isa = PBXFileReference; lastKnownFileType = folder.assetcatalog; path = Assets.xcassets; sourceTree = "<group>"; };
		6287415A1FFE118E00D61333 /* Base */ = {isa = PBXFileReference; lastKnownFileType = file.storyboard; name = Base; path = Base.lproj/LaunchScreen.storyboard; sourceTree = "<group>"; };
		6287415C1FFE118E00D61333 /* Info.plist */ = {isa = PBXFileReference; lastKnownFileType = text.plist.xml; path = Info.plist; sourceTree = "<group>"; };
		628741621FFE157A00D61333 /* Task.swift */ = {isa = PBXFileReference; lastKnownFileType = sourcecode.swift; path = Task.swift; sourceTree = "<group>"; };
		628741641FFE213A00D61333 /* CreateTaskViewController.swift */ = {isa = PBXFileReference; lastKnownFileType = sourcecode.swift; path = CreateTaskViewController.swift; sourceTree = "<group>"; };
		628741661FFE375C00D61333 /* CompleteTaskViewController.swift */ = {isa = PBXFileReference; lastKnownFileType = sourcecode.swift; path = CompleteTaskViewController.swift; sourceTree = "<group>"; };
/* End PBXFileReference section */

/* Begin PBXFrameworksBuildPhase section */
		628741471FFE118E00D61333 /* Frameworks */ = {
			isa = PBXFrameworksBuildPhase;
			buildActionMask = 2147483647;
			files = (
			);
			runOnlyForDeploymentPostprocessing = 0;
		};
/* End PBXFrameworksBuildPhase section */

/* Begin PBXGroup section */
		628741411FFE118E00D61333 = {
			isa = PBXGroup;
			children = (
				6287414C1FFE118E00D61333 /* DoIt */,
				6287414B1FFE118E00D61333 /* Products */,
			);
			sourceTree = "<group>";
		};
		6287414B1FFE118E00D61333 /* Products */ = {
			isa = PBXGroup;
			children = (
				6287414A1FFE118E00D61333 /* DoIt.app */,
			);
			name = Products;
			sourceTree = "<group>";
		};
		6287414C1FFE118E00D61333 /* DoIt */ = {
			isa = PBXGroup;
			children = (
				6287414D1FFE118E00D61333 /* AppDelegate.swift */,
				6287414F1FFE118E00D61333 /* TasksViewController.swift */,
				628741641FFE213A00D61333 /* CreateTaskViewController.swift */,
				628741661FFE375C00D61333 /* CompleteTaskViewController.swift */,
				628741621FFE157A00D61333 /* Task.swift */,
				628741511FFE118E00D61333 /* Main.storyboard */,
				628741571FFE118E00D61333 /* Assets.xcassets */,
				628741591FFE118E00D61333 /* LaunchScreen.storyboard */,
				6287415C1FFE118E00D61333 /* Info.plist */,
				628741541FFE118E00D61333 /* DoIt.xcdatamodeld */,
			);
			path = DoIt;
			sourceTree = "<group>";
		};
/* End PBXGroup section */

/* Begin PBXNativeTarget section */
		628741491FFE118E00D61333 /* DoIt */ = {
			isa = PBXNativeTarget;
			buildConfigurationList = 6287415F1FFE118E00D61333 /* Build configuration list for PBXNativeTarget "DoIt" */;
			buildPhases = (
				628741461FFE118E00D61333 /* Sources */,
				628741471FFE118E00D61333 /* Frameworks */,
				628741481FFE118E00D61333 /* Resources */,
			);
			buildRules = (
			);
			dependencies = (
			);
			name = DoIt;
			productName = DoIt;
			productReference = 6287414A1FFE118E00D61333 /* DoIt.app */;
			productType = "com.apple.product-type.application";
		};
/* End PBXNativeTarget section */

/* Begin PBXProject section */
		628741421FFE118E00D61333 /* Project object */ = {
			isa = PBXProject;
			attributes = {
				LastSwiftUpdateCheck = 0920;
				LastUpgradeCheck = 0920;
				ORGANIZATIONNAME = "Brandon Bezanson";
				TargetAttributes = {
					628741491FFE118E00D61333 = {
						CreatedOnToolsVersion = 9.2;
						ProvisioningStyle = Automatic;
					};
				};
			};
			buildConfigurationList = 628741451FFE118E00D61333 /* Build configuration list for PBXProject "DoIt" */;
			compatibilityVersion = "Xcode 8.0";
			developmentRegion = en;
			hasScannedForEncodings = 0;
			knownRegions = (
				en,
				Base,
			);
			mainGroup = 628741411FFE118E00D61333;
			productRefGroup = 6287414B1FFE118E00D61333 /* Products */;
			projectDirPath = "";
			projectRoot = "";
			targets = (
				628741491FFE118E00D61333 /* DoIt */,
			);
		};
/* End PBXProject section */

/* Begin PBXResourcesBuildPhase section */
		628741481FFE118E00D61333 /* Resources */ = {
			isa = PBXResourcesBuildPhase;
			buildActionMask = 2147483647;
			files = (
				6287415B1FFE118E00D61333 /* LaunchScreen.storyboard in Resources */,
				628741581FFE118E00D61333 /* Assets.xcassets in Resources */,
				628741531FFE118E00D61333 /* Main.storyboard in Resources */,
			);
			runOnlyForDeploymentPostprocessing = 0;
		};
/* End PBXResourcesBuildPhase section */

/* Begin PBXSourcesBuildPhase section */
		628741461FFE118E00D61333 /* Sources */ = {
			isa = PBXSourcesBuildPhase;
			buildActionMask = 2147483647;
			files = (
				628741631FFE157A00D61333 /* Task.swift in Sources */,
				628741561FFE118E00D61333 /* DoIt.xcdatamodeld in Sources */,
				628741671FFE375C00D61333 /* CompleteTaskViewController.swift in Sources */,
				628741501FFE118E00D61333 /* TasksViewController.swift in Sources */,
				6287414E1FFE118E00D61333 /* AppDelegate.swift in Sources */,
				628741651FFE213A00D61333 /* CreateTaskViewController.swift in Sources */,
			);
			runOnlyForDeploymentPostprocessing = 0;
		};
/* End PBXSourcesBuildPhase section */

/* Begin PBXVariantGroup section */
		628741511FFE118E00D61333 /* Main.storyboard */ = {
			isa = PBXVariantGroup;
			children = (
				628741521FFE118E00D61333 /* Base */,
			);
			name = Main.storyboard;
			sourceTree = "<group>";
		};
		628741591FFE118E00D61333 /* LaunchScreen.storyboard */ = {
			isa = PBXVariantGroup;
			children = (
				6287415A1FFE118E00D61333 /* Base */,
			);
			name = LaunchScreen.storyboard;
			sourceTree = "<group>";
		};
/* End PBXVariantGroup section */

/* Begin XCBuildConfiguration section */
		6287415D1FFE118E00D61333 /* Debug */ = {
			isa = XCBuildConfiguration;
			buildSettings = {
				ALWAYS_SEARCH_USER_PATHS = NO;
				CLANG_ANALYZER_NONNULL = YES;
				CLANG_ANALYZER_NUMBER_OBJECT_CONVERSION = YES_AGGRESSIVE;
				CLANG_CXX_LANGUAGE_STANDARD = "gnu++14";
				CLANG_CXX_LIBRARY = "libc++";
				CLANG_ENABLE_MODULES = YES;
				CLANG_ENABLE_OBJC_ARC = YES;
				CLANG_WARN_BLOCK_CAPTURE_AUTORELEASING = YES;
				CLANG_WARN_BOOL_CONVERSION = YES;
				CLANG_WARN_COMMA = YES;
				CLANG_WARN_CONSTANT_CONVERSION = YES;
				CLANG_WARN_DIRECT_OBJC_ISA_USAGE = YES_ERROR;
				CLANG_WARN_DOCUMENTATION_COMMENTS = YES;
				CLANG_WARN_EMPTY_BODY = YES;
				CLANG_WARN_ENUM_CONVERSION = YES;
				CLANG_WARN_INFINITE_RECURSION = YES;
				CLANG_WARN_INT_CONVERSION = YES;
				CLANG_WARN_NON_LITERAL_NULL_CONVERSION = YES;
				CLANG_WARN_OBJC_LITERAL_CONVERSION = YES;
				CLANG_WARN_OBJC_ROOT_CLASS = YES_ERROR;
				CLANG_WARN_RANGE_LOOP_ANALYSIS = YES;
				CLANG_WARN_STRICT_PROTOTYPES = YES;
				CLANG_WARN_SUSPICIOUS_MOVE = YES;
				CLANG_WARN_UNGUARDED_AVAILABILITY = YES_AGGRESSIVE;
				CLANG_WARN_UNREACHABLE_CODE = YES;
				CLANG_WARN__DUPLICATE_METHOD_MATCH = YES;
				CODE_SIGN_IDENTITY = "iPhone Developer";
				COPY_PHASE_STRIP = NO;
				DEBUG_INFORMATION_FORMAT = dwarf;
				ENABLE_STRICT_OBJC_MSGSEND = YES;
				ENABLE_TESTABILITY = YES;
				GCC_C_LANGUAGE_STANDARD = gnu11;
				GCC_DYNAMIC_NO_PIC = NO;
				GCC_NO_COMMON_BLOCKS = YES;
				GCC_OPTIMIZATION_LEVEL = 0;
				GCC_PREPROCESSOR_DEFINITIONS = (
					"DEBUG=1",
					"$(inherited)",
				);
				GCC_WARN_64_TO_32_BIT_CONVERSION = YES;
				GCC_WARN_ABOUT_RETURN_TYPE = YES_ERROR;
				GCC_WARN_UNDECLARED_SELECTOR = YES;
				GCC_WARN_UNINITIALIZED_AUTOS = YES_AGGRESSIVE;
				GCC_WARN_UNUSED_FUNCTION = YES;
				GCC_WARN_UNUSED_VARIABLE = YES;
				IPHONEOS_DEPLOYMENT_TARGET = 11.2;
				MTL_ENABLE_DEBUG_INFO = YES;
				ONLY_ACTIVE_ARCH = YES;
				SDKROOT = iphoneos;
				SWIFT_ACTIVE_COMPILATION_CONDITIONS = DEBUG;
				SWIFT_OPTIMIZATION_LEVEL = "-Onone";
			};
			name = Debug;
		};
		6287415E1FFE118E00D61333 /* Release */ = {
			isa = XCBuildConfiguration;
			buildSettings = {
				ALWAYS_SEARCH_USER_PATHS = NO;
				CLANG_ANALYZER_NONNULL = YES;
				CLANG_ANALYZER_NUMBER_OBJECT_CONVERSION = YES_AGGRESSIVE;
				CLANG_CXX_LANGUAGE_STANDARD = "gnu++14";
				CLANG_CXX_LIBRARY = "libc++";
				CLANG_ENABLE_MODULES = YES;
				CLANG_ENABLE_OBJC_ARC = YES;
				CLANG_WARN_BLOCK_CAPTURE_AUTORELEASING = YES;
				CLANG_WARN_BOOL_CONVERSION = YES;
				CLANG_WARN_COMMA = YES;
				CLANG_WARN_CONSTANT_CONVERSION = YES;
				CLANG_WARN_DIRECT_OBJC_ISA_USAGE = YES_ERROR;
				CLANG_WARN_DOCUMENTATION_COMMENTS = YES;
				CLANG_WARN_EMPTY_BODY = YES;
				CLANG_WARN_ENUM_CONVERSION = YES;
				CLANG_WARN_INFINITE_RECURSION = YES;
				CLANG_WARN_INT_CONVERSION = YES;
				CLANG_WARN_NON_LITERAL_NULL_CONVERSION = YES;
				CLANG_WARN_OBJC_LITERAL_CONVERSION = YES;
				CLANG_WARN_OBJC_ROOT_CLASS = YES_ERROR;
				CLANG_WARN_RANGE_LOOP_ANALYSIS = YES;
				CLANG_WARN_STRICT_PROTOTYPES = YES;
				CLANG_WARN_SUSPICIOUS_MOVE = YES;
				CLANG_WARN_UNGUARDED_AVAILABILITY = YES_AGGRESSIVE;
				CLANG_WARN_UNREACHABLE_CODE = YES;
				CLANG_WARN__DUPLICATE_METHOD_MATCH = YES;
				CODE_SIGN_IDENTITY = "iPhone Developer";
				COPY_PHASE_STRIP = NO;
				DEBUG_INFORMATION_FORMAT = "dwarf-with-dsym";
				ENABLE_NS_ASSERTIONS = NO;
				ENABLE_STRICT_OBJC_MSGSEND = YES;
				GCC_C_LANGUAGE_STANDARD = gnu11;
				GCC_NO_COMMON_BLOCKS = YES;
				GCC_WARN_64_TO_32_BIT_CONVERSION = YES;
				GCC_WARN_ABOUT_RETURN_TYPE = YES_ERROR;
				GCC_WARN_UNDECLARED_SELECTOR = YES;
				GCC_WARN_UNINITIALIZED_AUTOS = YES_AGGRESSIVE;
				GCC_WARN_UNUSED_FUNCTION = YES;
				GCC_WARN_UNUSED_VARIABLE = YES;
				IPHONEOS_DEPLOYMENT_TARGET = 11.2;
				MTL_ENABLE_DEBUG_INFO = NO;
				SDKROOT = iphoneos;
				SWIFT_OPTIMIZATION_LEVEL = "-Owholemodule";
				VALIDATE_PRODUCT = YES;
			};
			name = Release;
		};
		628741601FFE118E00D61333 /* Debug */ = {
			isa = XCBuildConfiguration;
			buildSettings = {
				ASSETCATALOG_COMPILER_APPICON_NAME = AppIcon;
				CODE_SIGN_STYLE = Automatic;
				INFOPLIST_FILE = DoIt/Info.plist;
				LD_RUNPATH_SEARCH_PATHS = "$(inherited) @executable_path/Frameworks";
				PRODUCT_BUNDLE_IDENTIFIER = brandonbezanson.DoIt;
				PRODUCT_NAME = "$(TARGET_NAME)";
				SWIFT_VERSION = 4.0;
				TARGETED_DEVICE_FAMILY = "1,2";
			};
			name = Debug;
		};
		628741611FFE118E00D61333 /* Release */ = {
			isa = XCBuildConfiguration;
			buildSettings = {
				ASSETCATALOG_COMPILER_APPICON_NAME = AppIcon;
				CODE_SIGN_STYLE = Automatic;
				INFOPLIST_FILE = DoIt/Info.plist;
				LD_RUNPATH_SEARCH_PATHS = "$(inherited) @executable_path/Frameworks";
				PRODUCT_BUNDLE_IDENTIFIER = brandonbezanson.DoIt;
				PRODUCT_NAME = "$(TARGET_NAME)";
				SWIFT_VERSION = 4.0;
				TARGETED_DEVICE_FAMILY = "1,2";
			};
			name = Release;
		};
/* End XCBuildConfiguration section */

/* Begin XCConfigurationList section */
		628741451FFE118E00D61333 /* Build configuration list for PBXProject "DoIt" */ = {
			isa = XCConfigurationList;
			buildConfigurations = (
				6287415D1FFE118E00D61333 /* Debug */,
				6287415E1FFE118E00D61333 /* Release */,
			);
			defaultConfigurationIsVisible = 0;
			defaultConfigurationName = Release;
		};
		6287415F1FFE118E00D61333 /* Build configuration list for PBXNativeTarget "DoIt" */ = {
			isa = XCConfigurationList;
			buildConfigurations = (
				628741601FFE118E00D61333 /* Debug */,
				628741611FFE118E00D61333 /* Release */,
			);
			defaultConfigurationIsVisible = 0;
			defaultConfigurationName = Release;
		};
/* End XCConfigurationList section */

/* Begin XCVersionGroup section */
		628741541FFE118E00D61333 /* DoIt.xcdatamodeld */ = {
			isa = XCVersionGroup;
			children = (
				628741551FFE118E00D61333 /* DoIt.xcdatamodel */,
			);
			currentVersion = 628741551FFE118E00D61333 /* DoIt.xcdatamodel */;
			path = DoIt.xcdatamodeld;
			sourceTree = "<group>";
			versionGroupType = wrapper.xcdatamodel;
		};
/* End XCVersionGroup section */
	};
	rootObject = 628741421FFE118E00D61333 /* Project object */;
}
